// !$*UTF8*$!
{
	archiveVersion = 1;
	classes = {
	};
	objectVersion = 46;
	objects = {

/* Begin PBXBuildFile section */
		BB9891B61BC4B52900B80C9E /* AppDelegate.swift in Sources */ = {isa = PBXBuildFile; fileRef = BB9891B51BC4B52900B80C9E /* AppDelegate.swift */; };
		BB9891B81BC4B52900B80C9E /* ViewController.swift in Sources */ = {isa = PBXBuildFile; fileRef = BB9891B71BC4B52900B80C9E /* ViewController.swift */; };
		BB9891BB1BC4B52900B80C9E /* Main.storyboard in Resources */ = {isa = PBXBuildFile; fileRef = BB9891B91BC4B52900B80C9E /* Main.storyboard */; };
		BB9891BD1BC4B52900B80C9E /* Assets.xcassets in Resources */ = {isa = PBXBuildFile; fileRef = BB9891BC1BC4B52900B80C9E /* Assets.xcassets */; };
		BB9891C01BC4B52900B80C9E /* LaunchScreen.storyboard in Resources */ = {isa = PBXBuildFile; fileRef = BB9891BE1BC4B52900B80C9E /* LaunchScreen.storyboard */; };
		BB9891CB1BC4B52900B80C9E /* codepath_week_04_lectureTests.swift in Sources */ = {isa = PBXBuildFile; fileRef = BB9891CA1BC4B52900B80C9E /* codepath_week_04_lectureTests.swift */; };
		BB9891D61BC4B52900B80C9E /* codepath_week_04_lectureUITests.swift in Sources */ = {isa = PBXBuildFile; fileRef = BB9891D51BC4B52900B80C9E /* codepath_week_04_lectureUITests.swift */; };
		BB9891E41BC4B91600B80C9E /* TabBarViewController.swift in Sources */ = {isa = PBXBuildFile; fileRef = BB9891E31BC4B91600B80C9E /* TabBarViewController.swift */; settings = {ASSET_TAGS = (); }; };
		BB9891E61BC4BB5F00B80C9E /* GreenViewController.swift in Sources */ = {isa = PBXBuildFile; fileRef = BB9891E51BC4BB5F00B80C9E /* GreenViewController.swift */; settings = {ASSET_TAGS = (); }; };
		BB9891E81BC4BB6400B80C9E /* BlueViewController.swift in Sources */ = {isa = PBXBuildFile; fileRef = BB9891E71BC4BB6400B80C9E /* BlueViewController.swift */; settings = {ASSET_TAGS = (); }; };
		BB9891EA1BC4BB6800B80C9E /* PinkViewController.swift in Sources */ = {isa = PBXBuildFile; fileRef = BB9891E91BC4BB6800B80C9E /* PinkViewController.swift */; settings = {ASSET_TAGS = (); }; };
		BB9891EC1BC4C2BF00B80C9E /* MenuViewController.swift in Sources */ = {isa = PBXBuildFile; fileRef = BB9891EB1BC4C2BF00B80C9E /* MenuViewController.swift */; settings = {ASSET_TAGS = (); }; };
		BB9891EE1BC4C2C400B80C9E /* FeedViewController.swift in Sources */ = {isa = PBXBuildFile; fileRef = BB9891ED1BC4C2C400B80C9E /* FeedViewController.swift */; settings = {ASSET_TAGS = (); }; };
		BB9891F01BC4C31E00B80C9E /* HamburgerViewController.swift in Sources */ = {isa = PBXBuildFile; fileRef = BB9891EF1BC4C31E00B80C9E /* HamburgerViewController.swift */; settings = {ASSET_TAGS = (); }; };
		BB9891F21BC4CA5D00B80C9E /* RotationViewController.swift in Sources */ = {isa = PBXBuildFile; fileRef = BB9891F11BC4CA5D00B80C9E /* RotationViewController.swift */; settings = {ASSET_TAGS = (); }; };
/* End PBXBuildFile section */

/* Begin PBXContainerItemProxy section */
		BB9891C71BC4B52900B80C9E /* PBXContainerItemProxy */ = {
			isa = PBXContainerItemProxy;
			containerPortal = BB9891AA1BC4B52900B80C9E /* Project object */;
			proxyType = 1;
			remoteGlobalIDString = BB9891B11BC4B52900B80C9E;
			remoteInfo = "codepath-week-04-lecture";
		};
		BB9891D21BC4B52900B80C9E /* PBXContainerItemProxy */ = {
			isa = PBXContainerItemProxy;
			containerPortal = BB9891AA1BC4B52900B80C9E /* Project object */;
			proxyType = 1;
			remoteGlobalIDString = BB9891B11BC4B52900B80C9E;
			remoteInfo = "codepath-week-04-lecture";
		};
/* End PBXContainerItemProxy section */

/* Begin PBXFileReference section */
		BB9891B21BC4B52900B80C9E /* codepath-week-04-lecture.app */ = {isa = PBXFileReference; explicitFileType = wrapper.application; includeInIndex = 0; path = "codepath-week-04-lecture.app"; sourceTree = BUILT_PRODUCTS_DIR; };
		BB9891B51BC4B52900B80C9E /* AppDelegate.swift */ = {isa = PBXFileReference; lastKnownFileType = sourcecode.swift; path = AppDelegate.swift; sourceTree = "<group>"; };
		BB9891B71BC4B52900B80C9E /* ViewController.swift */ = {isa = PBXFileReference; lastKnownFileType = sourcecode.swift; path = ViewController.swift; sourceTree = "<group>"; };
		BB9891BA1BC4B52900B80C9E /* Base */ = {isa = PBXFileReference; lastKnownFileType = file.storyboard; name = Base; path = Base.lproj/Main.storyboard; sourceTree = "<group>"; };
		BB9891BC1BC4B52900B80C9E /* Assets.xcassets */ = {isa = PBXFileReference; lastKnownFileType = folder.assetcatalog; path = Assets.xcassets; sourceTree = "<group>"; };
		BB9891BF1BC4B52900B80C9E /* Base */ = {isa = PBXFileReference; lastKnownFileType = file.storyboard; name = Base; path = Base.lproj/LaunchScreen.storyboard; sourceTree = "<group>"; };
		BB9891C11BC4B52900B80C9E /* Info.plist */ = {isa = PBXFileReference; lastKnownFileType = text.plist.xml; path = Info.plist; sourceTree = "<group>"; };
		BB9891C61BC4B52900B80C9E /* codepath-week-04-lectureTests.xctest */ = {isa = PBXFileReference; explicitFileType = wrapper.cfbundle; includeInIndex = 0; path = "codepath-week-04-lectureTests.xctest"; sourceTree = BUILT_PRODUCTS_DIR; };
		BB9891CA1BC4B52900B80C9E /* codepath_week_04_lectureTests.swift */ = {isa = PBXFileReference; lastKnownFileType = sourcecode.swift; path = codepath_week_04_lectureTests.swift; sourceTree = "<group>"; };
		BB9891CC1BC4B52900B80C9E /* Info.plist */ = {isa = PBXFileReference; lastKnownFileType = text.plist.xml; path = Info.plist; sourceTree = "<group>"; };
		BB9891D11BC4B52900B80C9E /* codepath-week-04-lectureUITests.xctest */ = {isa = PBXFileReference; explicitFileType = wrapper.cfbundle; includeInIndex = 0; path = "codepath-week-04-lectureUITests.xctest"; sourceTree = BUILT_PRODUCTS_DIR; };
		BB9891D51BC4B52900B80C9E /* codepath_week_04_lectureUITests.swift */ = {isa = PBXFileReference; lastKnownFileType = sourcecode.swift; path = codepath_week_04_lectureUITests.swift; sourceTree = "<group>"; };
		BB9891D71BC4B52900B80C9E /* Info.plist */ = {isa = PBXFileReference; lastKnownFileType = text.plist.xml; path = Info.plist; sourceTree = "<group>"; };
		BB9891E31BC4B91600B80C9E /* TabBarViewController.swift */ = {isa = PBXFileReference; fileEncoding = 4; lastKnownFileType = sourcecode.swift; path = TabBarViewController.swift; sourceTree = "<group>"; };
		BB9891E51BC4BB5F00B80C9E /* GreenViewController.swift */ = {isa = PBXFileReference; fileEncoding = 4; lastKnownFileType = sourcecode.swift; path = GreenViewController.swift; sourceTree = "<group>"; };
		BB9891E71BC4BB6400B80C9E /* BlueViewController.swift */ = {isa = PBXFileReference; fileEncoding = 4; lastKnownFileType = sourcecode.swift; path = BlueViewController.swift; sourceTree = "<group>"; };
		BB9891E91BC4BB6800B80C9E /* PinkViewController.swift */ = {isa = PBXFileReference; fileEncoding = 4; lastKnownFileType = sourcecode.swift; path = PinkViewController.swift; sourceTree = "<group>"; };
		BB9891EB1BC4C2BF00B80C9E /* MenuViewController.swift */ = {isa = PBXFileReference; fileEncoding = 4; lastKnownFileType = sourcecode.swift; path = MenuViewController.swift; sourceTree = "<group>"; };
		BB9891ED1BC4C2C400B80C9E /* FeedViewController.swift */ = {isa = PBXFileReference; fileEncoding = 4; lastKnownFileType = sourcecode.swift; path = FeedViewController.swift; sourceTree = "<group>"; };
		BB9891EF1BC4C31E00B80C9E /* HamburgerViewController.swift */ = {isa = PBXFileReference; fileEncoding = 4; lastKnownFileType = sourcecode.swift; path = HamburgerViewController.swift; sourceTree = "<group>"; };
		BB9891F11BC4CA5D00B80C9E /* RotationViewController.swift */ = {isa = PBXFileReference; fileEncoding = 4; lastKnownFileType = sourcecode.swift; path = RotationViewController.swift; sourceTree = "<group>"; };
/* End PBXFileReference section */

/* Begin PBXFrameworksBuildPhase section */
		BB9891AF1BC4B52900B80C9E /* Frameworks */ = {
			isa = PBXFrameworksBuildPhase;
			buildActionMask = 2147483647;
			files = (
			);
			runOnlyForDeploymentPostprocessing = 0;
		};
		BB9891C31BC4B52900B80C9E /* Frameworks */ = {
			isa = PBXFrameworksBuildPhase;
			buildActionMask = 2147483647;
			files = (
			);
			runOnlyForDeploymentPostprocessing = 0;
		};
		BB9891CE1BC4B52900B80C9E /* Frameworks */ = {
			isa = PBXFrameworksBuildPhase;
			buildActionMask = 2147483647;
			files = (
			);
			runOnlyForDeploymentPostprocessing = 0;
		};
/* End PBXFrameworksBuildPhase section */

/* Begin PBXGroup section */
		BB9891A91BC4B52900B80C9E = {
			isa = PBXGroup;
			children = (
				BB9891B41BC4B52900B80C9E /* codepath-week-04-lecture */,
				BB9891C91BC4B52900B80C9E /* codepath-week-04-lectureTests */,
				BB9891D41BC4B52900B80C9E /* codepath-week-04-lectureUITests */,
				BB9891B31BC4B52900B80C9E /* Products */,
			);
			sourceTree = "<group>";
		};
		BB9891B31BC4B52900B80C9E /* Products */ = {
			isa = PBXGroup;
			children = (
				BB9891B21BC4B52900B80C9E /* codepath-week-04-lecture.app */,
				BB9891C61BC4B52900B80C9E /* codepath-week-04-lectureTests.xctest */,
				BB9891D11BC4B52900B80C9E /* codepath-week-04-lectureUITests.xctest */,
			);
			name = Products;
			sourceTree = "<group>";
		};
		BB9891B41BC4B52900B80C9E /* codepath-week-04-lecture */ = {
			isa = PBXGroup;
			children = (
				BB9891B51BC4B52900B80C9E /* AppDelegate.swift */,
				BB9891B71BC4B52900B80C9E /* ViewController.swift */,
				BB9891B91BC4B52900B80C9E /* Main.storyboard */,
				BB9891F11BC4CA5D00B80C9E /* RotationViewController.swift */,
				BB9891EF1BC4C31E00B80C9E /* HamburgerViewController.swift */,
				BB9891EB1BC4C2BF00B80C9E /* MenuViewController.swift */,
				BB9891ED1BC4C2C400B80C9E /* FeedViewController.swift */,
				BB9891E51BC4BB5F00B80C9E /* GreenViewController.swift */,
				BB9891E71BC4BB6400B80C9E /* BlueViewController.swift */,
				BB9891E91BC4BB6800B80C9E /* PinkViewController.swift */,
				BB9891E31BC4B91600B80C9E /* TabBarViewController.swift */,
				BB9891BC1BC4B52900B80C9E /* Assets.xcassets */,
				BB9891BE1BC4B52900B80C9E /* LaunchScreen.storyboard */,
				BB9891C11BC4B52900B80C9E /* Info.plist */,
			);
			path = "codepath-week-04-lecture";
			sourceTree = "<group>";
		};
		BB9891C91BC4B52900B80C9E /* codepath-week-04-lectureTests */ = {
			isa = PBXGroup;
			children = (
				BB9891CA1BC4B52900B80C9E /* codepath_week_04_lectureTests.swift */,
				BB9891CC1BC4B52900B80C9E /* Info.plist */,
			);
			path = "codepath-week-04-lectureTests";
			sourceTree = "<group>";
		};
		BB9891D41BC4B52900B80C9E /* codepath-week-04-lectureUITests */ = {
			isa = PBXGroup;
			children = (
				BB9891D51BC4B52900B80C9E /* codepath_week_04_lectureUITests.swift */,
				BB9891D71BC4B52900B80C9E /* Info.plist */,
			);
			path = "codepath-week-04-lectureUITests";
			sourceTree = "<group>";
		};
/* End PBXGroup section */

/* Begin PBXNativeTarget section */
		BB9891B11BC4B52900B80C9E /* codepath-week-04-lecture */ = {
			isa = PBXNativeTarget;
			buildConfigurationList = BB9891DA1BC4B52900B80C9E /* Build configuration list for PBXNativeTarget "codepath-week-04-lecture" */;
			buildPhases = (
				BB9891AE1BC4B52900B80C9E /* Sources */,
				BB9891AF1BC4B52900B80C9E /* Frameworks */,
				BB9891B01BC4B52900B80C9E /* Resources */,
			);
			buildRules = (
			);
			dependencies = (
			);
			name = "codepath-week-04-lecture";
			productName = "codepath-week-04-lecture";
			productReference = BB9891B21BC4B52900B80C9E /* codepath-week-04-lecture.app */;
			productType = "com.apple.product-type.application";
		};
		BB9891C51BC4B52900B80C9E /* codepath-week-04-lectureTests */ = {
			isa = PBXNativeTarget;
			buildConfigurationList = BB9891DD1BC4B52900B80C9E /* Build configuration list for PBXNativeTarget "codepath-week-04-lectureTests" */;
			buildPhases = (
				BB9891C21BC4B52900B80C9E /* Sources */,
				BB9891C31BC4B52900B80C9E /* Frameworks */,
				BB9891C41BC4B52900B80C9E /* Resources */,
			);
			buildRules = (
			);
			dependencies = (
				BB9891C81BC4B52900B80C9E /* PBXTargetDependency */,
			);
			name = "codepath-week-04-lectureTests";
			productName = "codepath-week-04-lectureTests";
			productReference = BB9891C61BC4B52900B80C9E /* codepath-week-04-lectureTests.xctest */;
			productType = "com.apple.product-type.bundle.unit-test";
		};
		BB9891D01BC4B52900B80C9E /* codepath-week-04-lectureUITests */ = {
			isa = PBXNativeTarget;
			buildConfigurationList = BB9891E01BC4B52900B80C9E /* Build configuration list for PBXNativeTarget "codepath-week-04-lectureUITests" */;
			buildPhases = (
				BB9891CD1BC4B52900B80C9E /* Sources */,
				BB9891CE1BC4B52900B80C9E /* Frameworks */,
				BB9891CF1BC4B52900B80C9E /* Resources */,
			);
			buildRules = (
			);
			dependencies = (
				BB9891D31BC4B52900B80C9E /* PBXTargetDependency */,
			);
			name = "codepath-week-04-lectureUITests";
			productName = "codepath-week-04-lectureUITests";
			productReference = BB9891D11BC4B52900B80C9E /* codepath-week-04-lectureUITests.xctest */;
			productType = "com.apple.product-type.bundle.ui-testing";
		};
/* End PBXNativeTarget section */

/* Begin PBXProject section */
		BB9891AA1BC4B52900B80C9E /* Project object */ = {
			isa = PBXProject;
			attributes = {
				LastUpgradeCheck = 0700;
				ORGANIZATIONNAME = mamuso;
				TargetAttributes = {
					BB9891B11BC4B52900B80C9E = {
						CreatedOnToolsVersion = 7.0;
						DevelopmentTeam = 72YUASYC42;
					};
					BB9891C51BC4B52900B80C9E = {
						CreatedOnToolsVersion = 7.0;
						DevelopmentTeam = 72YUASYC42;
						TestTargetID = BB9891B11BC4B52900B80C9E;
					};
					BB9891D01BC4B52900B80C9E = {
						CreatedOnToolsVersion = 7.0;
						DevelopmentTeam = 72YUASYC42;
						TestTargetID = BB9891B11BC4B52900B80C9E;
					};
				};
			};
			buildConfigurationList = BB9891AD1BC4B52900B80C9E /* Build configuration list for PBXProject "codepath-week-04-lecture" */;
			compatibilityVersion = "Xcode 3.2";
			developmentRegion = English;
			hasScannedForEncodings = 0;
			knownRegions = (
				en,
				Base,
			);
			mainGroup = BB9891A91BC4B52900B80C9E;
			productRefGroup = BB9891B31BC4B52900B80C9E /* Products */;
			projectDirPath = "";
			projectRoot = "";
			targets = (
				BB9891B11BC4B52900B80C9E /* codepath-week-04-lecture */,
				BB9891C51BC4B52900B80C9E /* codepath-week-04-lectureTests */,
				BB9891D01BC4B52900B80C9E /* codepath-week-04-lectureUITests */,
			);
		};
/* End PBXProject section */

/* Begin PBXResourcesBuildPhase section */
		BB9891B01BC4B52900B80C9E /* Resources */ = {
			isa = PBXResourcesBuildPhase;
			buildActionMask = 2147483647;
			files = (
				BB9891C01BC4B52900B80C9E /* LaunchScreen.storyboard in Resources */,
				BB9891BD1BC4B52900B80C9E /* Assets.xcassets in Resources */,
				BB9891BB1BC4B52900B80C9E /* Main.storyboard in Resources */,
			);
			runOnlyForDeploymentPostprocessing = 0;
		};
		BB9891C41BC4B52900B80C9E /* Resources */ = {
			isa = PBXResourcesBuildPhase;
			buildActionMask = 2147483647;
			files = (
			);
			runOnlyForDeploymentPostprocessing = 0;
		};
		BB9891CF1BC4B52900B80C9E /* Resources */ = {
			isa = PBXResourcesBuildPhase;
			buildActionMask = 2147483647;
			files = (
			);
			runOnlyForDeploymentPostprocessing = 0;
		};
/* End PBXResourcesBuildPhase section */

/* Begin PBXSourcesBuildPhase section */
		BB9891AE1BC4B52900B80C9E /* Sources */ = {
			isa = PBXSourcesBuildPhase;
			buildActionMask = 2147483647;
			files = (
				BB9891F01BC4C31E00B80C9E /* HamburgerViewController.swift in Sources */,
				BB9891EA1BC4BB6800B80C9E /* PinkViewController.swift in Sources */,
				BB9891E61BC4BB5F00B80C9E /* GreenViewController.swift in Sources */,
				BB9891B81BC4B52900B80C9E /* ViewController.swift in Sources */,
				BB9891EC1BC4C2BF00B80C9E /* MenuViewController.swift in Sources */,
				BB9891E41BC4B91600B80C9E /* TabBarViewController.swift in Sources */,
				BB9891F21BC4CA5D00B80C9E /* RotationViewController.swift in Sources */,
				BB9891E81BC4BB6400B80C9E /* BlueViewController.swift in Sources */,
				BB9891EE1BC4C2C400B80C9E /* FeedViewController.swift in Sources */,
				BB9891B61BC4B52900B80C9E /* AppDelegate.swift in Sources */,
			);
			runOnlyForDeploymentPostprocessing = 0;
		};
		BB9891C21BC4B52900B80C9E /* Sources */ = {
			isa = PBXSourcesBuildPhase;
			buildActionMask = 2147483647;
			files = (
				BB9891CB1BC4B52900B80C9E /* codepath_week_04_lectureTests.swift in Sources */,
			);
			runOnlyForDeploymentPostprocessing = 0;
		};
		BB9891CD1BC4B52900B80C9E /* Sources */ = {
			isa = PBXSourcesBuildPhase;
			buildActionMask = 2147483647;
			files = (
				BB9891D61BC4B52900B80C9E /* codepath_week_04_lectureUITests.swift in Sources */,
			);
			runOnlyForDeploymentPostprocessing = 0;
		};
/* End PBXSourcesBuildPhase section */

/* Begin PBXTargetDependency section */
		BB9891C81BC4B52900B80C9E /* PBXTargetDependency */ = {
			isa = PBXTargetDependency;
			target = BB9891B11BC4B52900B80C9E /* codepath-week-04-lecture */;
			targetProxy = BB9891C71BC4B52900B80C9E /* PBXContainerItemProxy */;
		};
		BB9891D31BC4B52900B80C9E /* PBXTargetDependency */ = {
			isa = PBXTargetDependency;
			target = BB9891B11BC4B52900B80C9E /* codepath-week-04-lecture */;
			targetProxy = BB9891D21BC4B52900B80C9E /* PBXContainerItemProxy */;
		};
/* End PBXTargetDependency section */

/* Begin PBXVariantGroup section */
		BB9891B91BC4B52900B80C9E /* Main.storyboard */ = {
			isa = PBXVariantGroup;
			children = (
				BB9891BA1BC4B52900B80C9E /* Base */,
			);
			name = Main.storyboard;
			sourceTree = "<group>";
		};
		BB9891BE1BC4B52900B80C9E /* LaunchScreen.storyboard */ = {
			isa = PBXVariantGroup;
			children = (
				BB9891BF1BC4B52900B80C9E /* Base */,
			);
			name = LaunchScreen.storyboard;
			sourceTree = "<group>";
		};
/* End PBXVariantGroup section */

/* Begin XCBuildConfiguration section */
		BB9891D81BC4B52900B80C9E /* Debug */ = {
			isa = XCBuildConfiguration;
			buildSettings = {
				ALWAYS_SEARCH_USER_PATHS = NO;
				CLANG_CXX_LANGUAGE_STANDARD = "gnu++0x";
				CLANG_CXX_LIBRARY = "libc++";
				CLANG_ENABLE_MODULES = YES;
				CLANG_ENABLE_OBJC_ARC = YES;
				CLANG_WARN_BOOL_CONVERSION = YES;
				CLANG_WARN_CONSTANT_CONVERSION = YES;
				CLANG_WARN_DIRECT_OBJC_ISA_USAGE = YES_ERROR;
				CLANG_WARN_EMPTY_BODY = YES;
				CLANG_WARN_ENUM_CONVERSION = YES;
				CLANG_WARN_INT_CONVERSION = YES;
				CLANG_WARN_OBJC_ROOT_CLASS = YES_ERROR;
				CLANG_WARN_UNREACHABLE_CODE = YES;
				CLANG_WARN__DUPLICATE_METHOD_MATCH = YES;
				"CODE_SIGN_IDENTITY[sdk=iphoneos*]" = "iPhone Developer";
				COPY_PHASE_STRIP = NO;
				DEBUG_INFORMATION_FORMAT = dwarf;
				ENABLE_STRICT_OBJC_MSGSEND = YES;
				ENABLE_TESTABILITY = YES;
				GCC_C_LANGUAGE_STANDARD = gnu99;
				GCC_DYNAMIC_NO_PIC = NO;
				GCC_NO_COMMON_BLOCKS = YES;
				GCC_OPTIMIZATION_LEVEL = 0;
				GCC_PREPROCESSOR_DEFINITIONS = (
					"DEBUG=1",
					"$(inherited)",
				);
				GCC_WARN_64_TO_32_BIT_CONVERSION = YES;
				GCC_WARN_ABOUT_RETURN_TYPE = YES_ERROR;
				GCC_WARN_UNDECLARED_SELECTOR = YES;
				GCC_WARN_UNINITIALIZED_AUTOS = YES_AGGRESSIVE;
				GCC_WARN_UNUSED_FUNCTION = YES;
				GCC_WARN_UNUSED_VARIABLE = YES;
				IPHONEOS_DEPLOYMENT_TARGET = 9.0;
				MTL_ENABLE_DEBUG_INFO = YES;
				ONLY_ACTIVE_ARCH = YES;
				SDKROOT = iphoneos;
				SWIFT_OPTIMIZATION_LEVEL = "-Onone";
			};
			name = Debug;
		};
		BB9891D91BC4B52900B80C9E /* Release */ = {
			isa = XCBuildConfiguration;
			buildSettings = {
				ALWAYS_SEARCH_USER_PATHS = NO;
				CLANG_CXX_LANGUAGE_STANDARD = "gnu++0x";
				CLANG_CXX_LIBRARY = "libc++";
				CLANG_ENABLE_MODULES = YES;
				CLANG_ENABLE_OBJC_ARC = YES;
				CLANG_WARN_BOOL_CONVERSION = YES;
				CLANG_WARN_CONSTANT_CONVERSION = YES;
				CLANG_WARN_DIRECT_OBJC_ISA_USAGE = YES_ERROR;
				CLANG_WARN_EMPTY_BODY = YES;
				CLANG_WARN_ENUM_CONVERSION = YES;
				CLANG_WARN_INT_CONVERSION = YES;
				CLANG_WARN_OBJC_ROOT_CLASS = YES_ERROR;
				CLANG_WARN_UNREACHABLE_CODE = YES;
				CLANG_WARN__DUPLICATE_METHOD_MATCH = YES;
				"CODE_SIGN_IDENTITY[sdk=iphoneos*]" = "iPhone Developer";
				COPY_PHASE_STRIP = NO;
				DEBUG_INFORMATION_FORMAT = "dwarf-with-dsym";
				ENABLE_NS_ASSERTIONS = NO;
				ENABLE_STRICT_OBJC_MSGSEND = YES;
				GCC_C_LANGUAGE_STANDARD = gnu99;
				GCC_NO_COMMON_BLOCKS = YES;
				GCC_WARN_64_TO_32_BIT_CONVERSION = YES;
				GCC_WARN_ABOUT_RETURN_TYPE = YES_ERROR;
				GCC_WARN_UNDECLARED_SELECTOR = YES;
				GCC_WARN_UNINITIALIZED_AUTOS = YES_AGGRESSIVE;
				GCC_WARN_UNUSED_FUNCTION = YES;
				GCC_WARN_UNUSED_VARIABLE = YES;
				IPHONEOS_DEPLOYMENT_TARGET = 9.0;
				MTL_ENABLE_DEBUG_INFO = NO;
				SDKROOT = iphoneos;
				VALIDATE_PRODUCT = YES;
			};
			name = Release;
		};
		BB9891DB1BC4B52900B80C9E /* Debug */ = {
			isa = XCBuildConfiguration;
			buildSettings = {
				ASSETCATALOG_COMPILER_APPICON_NAME = AppIcon;
				INFOPLIST_FILE = "codepath-week-04-lecture/Info.plist";
				LD_RUNPATH_SEARCH_PATHS = "$(inherited) @executable_path/Frameworks";
				PRODUCT_BUNDLE_IDENTIFIER = "mamuso.codepath-week-04-lecture";
				PRODUCT_NAME = "$(TARGET_NAME)";
			};
			name = Debug;
		};
		BB9891DC1BC4B52900B80C9E /* Release */ = {
			isa = XCBuildConfiguration;
			buildSettings = {
				ASSETCATALOG_COMPILER_APPICON_NAME = AppIcon;
				INFOPLIST_FILE = "codepath-week-04-lecture/Info.plist";
				LD_RUNPATH_SEARCH_PATHS = "$(inherited) @executable_path/Frameworks";
				PRODUCT_BUNDLE_IDENTIFIER = "mamuso.codepath-week-04-lecture";
				PRODUCT_NAME = "$(TARGET_NAME)";
			};
			name = Release;
		};
		BB9891DE1BC4B52900B80C9E /* Debug */ = {
			isa = XCBuildConfiguration;
			buildSettings = {
				BUNDLE_LOADER = "$(TEST_HOST)";
				INFOPLIST_FILE = "codepath-week-04-lectureTests/Info.plist";
				LD_RUNPATH_SEARCH_PATHS = "$(inherited) @executable_path/Frameworks @loader_path/Frameworks";
				PRODUCT_BUNDLE_IDENTIFIER = "mamuso.codepath-week-04-lectureTests";
				PRODUCT_NAME = "$(TARGET_NAME)";
				TEST_HOST = "$(BUILT_PRODUCTS_DIR)/codepath-week-04-lecture.app/codepath-week-04-lecture";
			};
			name = Debug;
		};
		BB9891DF1BC4B52900B80C9E /* Release */ = {
			isa = XCBuildConfiguration;
			buildSettings = {
				BUNDLE_LOADER = "$(TEST_HOST)";
				INFOPLIST_FILE = "codepath-week-04-lectureTests/Info.plist";
				LD_RUNPATH_SEARCH_PATHS = "$(inherited) @executable_path/Frameworks @loader_path/Frameworks";
				PRODUCT_BUNDLE_IDENTIFIER = "mamuso.codepath-week-04-lectureTests";
				PRODUCT_NAME = "$(TARGET_NAME)";
				TEST_HOST = "$(BUILT_PRODUCTS_DIR)/codepath-week-04-lecture.app/codepath-week-04-lecture";
			};
			name = Release;
		};
		BB9891E11BC4B52900B80C9E /* Debug */ = {
			isa = XCBuildConfiguration;
			buildSettings = {
				INFOPLIST_FILE = "codepath-week-04-lectureUITests/Info.plist";
				LD_RUNPATH_SEARCH_PATHS = "$(inherited) @executable_path/Frameworks @loader_path/Frameworks";
				PRODUCT_BUNDLE_IDENTIFIER = "mamuso.codepath-week-04-lectureUITests";
				PRODUCT_NAME = "$(TARGET_NAME)";
				TEST_TARGET_NAME = "codepath-week-04-lecture";
				USES_XCTRUNNER = YES;
			};
			name = Debug;
		};
		BB9891E21BC4B52900B80C9E /* Release */ = {
			isa = XCBuildConfiguration;
			buildSettings = {
				INFOPLIST_FILE = "codepath-week-04-lectureUITests/Info.plist";
				LD_RUNPATH_SEARCH_PATHS = "$(inherited) @executable_path/Frameworks @loader_path/Frameworks";
				PRODUCT_BUNDLE_IDENTIFIER = "mamuso.codepath-week-04-lectureUITests";
				PRODUCT_NAME = "$(TARGET_NAME)";
				TEST_TARGET_NAME = "codepath-week-04-lecture";
				USES_XCTRUNNER = YES;
			};
			name = Release;
		};
/* End XCBuildConfiguration section */

/* Begin XCConfigurationList section */
		BB9891AD1BC4B52900B80C9E /* Build configuration list for PBXProject "codepath-week-04-lecture" */ = {
			isa = XCConfigurationList;
			buildConfigurations = (
				BB9891D81BC4B52900B80C9E /* Debug */,
				BB9891D91BC4B52900B80C9E /* Release */,
			);
			defaultConfigurationIsVisible = 0;
			defaultConfigurationName = Release;
		};
		BB9891DA1BC4B52900B80C9E /* Build configuration list for PBXNativeTarget "codepath-week-04-lecture" */ = {
			isa = XCConfigurationList;
			buildConfigurations = (
				BB9891DB1BC4B52900B80C9E /* Debug */,
				BB9891DC1BC4B52900B80C9E /* Release */,
			);
			defaultConfigurationIsVisible = 0;
		};
		BB9891DD1BC4B52900B80C9E /* Build configuration list for PBXNativeTarget "codepath-week-04-lectureTests" */ = {
			isa = XCConfigurationList;
			buildConfigurations = (
				BB9891DE1BC4B52900B80C9E /* Debug */,
				BB9891DF1BC4B52900B80C9E /* Release */,
			);
			defaultConfigurationIsVisible = 0;
		};
		BB9891E01BC4B52900B80C9E /* Build configuration list for PBXNativeTarget "codepath-week-04-lectureUITests" */ = {
			isa = XCConfigurationList;
			buildConfigurations = (
				BB9891E11BC4B52900B80C9E /* Debug */,
				BB9891E21BC4B52900B80C9E /* Release */,
			);
			defaultConfigurationIsVisible = 0;
		};
/* End XCConfigurationList section */
	};
	rootObject = BB9891AA1BC4B52900B80C9E /* Project object */;
}
